// !$*UTF8*$!
{
	archiveVersion = 1;
	classes = {
	};
	objectVersion = 46;
	objects = {

/* Begin PBXBuildFile section */
		58D7CEA21E86D4BD004915A9 /* AppDelegate.swift in Sources */ = {isa = PBXBuildFile; fileRef = 58D7CEA11E86D4BD004915A9 /* AppDelegate.swift */; };
		58D7CEA41E86D4BD004915A9 /* ViewController.swift in Sources */ = {isa = PBXBuildFile; fileRef = 58D7CEA31E86D4BD004915A9 /* ViewController.swift */; };
		58D7CEA71E86D4BD004915A9 /* Main.storyboard in Resources */ = {isa = PBXBuildFile; fileRef = 58D7CEA51E86D4BD004915A9 /* Main.storyboard */; };
		58D7CEA91E86D4BD004915A9 /* Assets.xcassets in Resources */ = {isa = PBXBuildFile; fileRef = 58D7CEA81E86D4BD004915A9 /* Assets.xcassets */; };
		58D7CEAC1E86D4BD004915A9 /* LaunchScreen.storyboard in Resources */ = {isa = PBXBuildFile; fileRef = 58D7CEAA1E86D4BD004915A9 /* LaunchScreen.storyboard */; };
		58D7CEC11E86D8AB004915A9 /* piano-g.wav in Resources */ = {isa = PBXBuildFile; fileRef = 58D7CEB51E86D8AB004915A9 /* piano-g.wav */; };
		58D7CEC21E86D8AB004915A9 /* piano-g1.wav in Resources */ = {isa = PBXBuildFile; fileRef = 58D7CEB61E86D8AB004915A9 /* piano-g1.wav */; };
		58D7CEC31E86D8AB004915A9 /* piano-f.wav in Resources */ = {isa = PBXBuildFile; fileRef = 58D7CEB71E86D8AB004915A9 /* piano-f.wav */; };
		58D7CEC41E86D8AB004915A9 /* piano-f1.wav in Resources */ = {isa = PBXBuildFile; fileRef = 58D7CEB81E86D8AB004915A9 /* piano-f1.wav */; };
		58D7CEC51E86D8AB004915A9 /* piano-eb.wav in Resources */ = {isa = PBXBuildFile; fileRef = 58D7CEB91E86D8AB004915A9 /* piano-eb.wav */; };
		58D7CEC61E86D8AB004915A9 /* piano-e.wav in Resources */ = {isa = PBXBuildFile; fileRef = 58D7CEBA1E86D8AB004915A9 /* piano-e.wav */; };
		58D7CEC71E86D8AB004915A9 /* piano-d.wav in Resources */ = {isa = PBXBuildFile; fileRef = 58D7CEBB1E86D8AB004915A9 /* piano-d.wav */; };
		58D7CEC81E86D8AB004915A9 /* piano-c.wav in Resources */ = {isa = PBXBuildFile; fileRef = 58D7CEBC1E86D8AB004915A9 /* piano-c.wav */; };
		58D7CEC91E86D8AB004915A9 /* piano-c1.wav in Resources */ = {isa = PBXBuildFile; fileRef = 58D7CEBD1E86D8AB004915A9 /* piano-c1.wav */; };
		58D7CECA1E86D8AB004915A9 /* piano-bb.wav in Resources */ = {isa = PBXBuildFile; fileRef = 58D7CEBE1E86D8AB004915A9 /* piano-bb.wav */; };
		58D7CECB1E86D8AB004915A9 /* piano-b.wav in Resources */ = {isa = PBXBuildFile; fileRef = 58D7CEBF1E86D8AB004915A9 /* piano-b.wav */; };
		58D7CECC1E86D8AB004915A9 /* piano-a.wav in Resources */ = {isa = PBXBuildFile; fileRef = 58D7CEC01E86D8AB004915A9 /* piano-a.wav */; };
/* End PBXBuildFile section */

/* Begin PBXFileReference section */
		58D7CE9E1E86D4BD004915A9 /* MusiClass.app */ = {isa = PBXFileReference; explicitFileType = wrapper.application; includeInIndex = 0; path = MusiClass.app; sourceTree = BUILT_PRODUCTS_DIR; };
		58D7CEA11E86D4BD004915A9 /* AppDelegate.swift */ = {isa = PBXFileReference; lastKnownFileType = sourcecode.swift; path = AppDelegate.swift; sourceTree = "<group>"; };
		58D7CEA31E86D4BD004915A9 /* ViewController.swift */ = {isa = PBXFileReference; lastKnownFileType = sourcecode.swift; path = ViewController.swift; sourceTree = "<group>"; };
		58D7CEA61E86D4BD004915A9 /* Base */ = {isa = PBXFileReference; lastKnownFileType = file.storyboard; name = Base; path = Base.lproj/Main.storyboard; sourceTree = "<group>"; };
		58D7CEA81E86D4BD004915A9 /* Assets.xcassets */ = {isa = PBXFileReference; lastKnownFileType = folder.assetcatalog; path = Assets.xcassets; sourceTree = "<group>"; };
		58D7CEAB1E86D4BD004915A9 /* Base */ = {isa = PBXFileReference; lastKnownFileType = file.storyboard; name = Base; path = Base.lproj/LaunchScreen.storyboard; sourceTree = "<group>"; };
		58D7CEAD1E86D4BD004915A9 /* Info.plist */ = {isa = PBXFileReference; lastKnownFileType = text.plist.xml; path = Info.plist; sourceTree = "<group>"; };
		58D7CEB51E86D8AB004915A9 /* piano-g.wav */ = {isa = PBXFileReference; lastKnownFileType = audio.wav; path = "piano-g.wav"; sourceTree = "<group>"; };
		58D7CEB61E86D8AB004915A9 /* piano-g1.wav */ = {isa = PBXFileReference; lastKnownFileType = audio.wav; path = "piano-g1.wav"; sourceTree = "<group>"; };
		58D7CEB71E86D8AB004915A9 /* piano-f.wav */ = {isa = PBXFileReference; lastKnownFileType = audio.wav; path = "piano-f.wav"; sourceTree = "<group>"; };
		58D7CEB81E86D8AB004915A9 /* piano-f1.wav */ = {isa = PBXFileReference; lastKnownFileType = audio.wav; path = "piano-f1.wav"; sourceTree = "<group>"; };
		58D7CEB91E86D8AB004915A9 /* piano-eb.wav */ = {isa = PBXFileReference; lastKnownFileType = audio.wav; path = "piano-eb.wav"; sourceTree = "<group>"; };
		58D7CEBA1E86D8AB004915A9 /* piano-e.wav */ = {isa = PBXFileReference; lastKnownFileType = audio.wav; path = "piano-e.wav"; sourceTree = "<group>"; };
		58D7CEBB1E86D8AB004915A9 /* piano-d.wav */ = {isa = PBXFileReference; lastKnownFileType = audio.wav; path = "piano-d.wav"; sourceTree = "<group>"; };
		58D7CEBC1E86D8AB004915A9 /* piano-c.wav */ = {isa = PBXFileReference; lastKnownFileType = audio.wav; path = "piano-c.wav"; sourceTree = "<group>"; };
		58D7CEBD1E86D8AB004915A9 /* piano-c1.wav */ = {isa = PBXFileReference; lastKnownFileType = audio.wav; path = "piano-c1.wav"; sourceTree = "<group>"; };
		58D7CEBE1E86D8AB004915A9 /* piano-bb.wav */ = {isa = PBXFileReference; lastKnownFileType = audio.wav; path = "piano-bb.wav"; sourceTree = "<group>"; };
		58D7CEBF1E86D8AB004915A9 /* piano-b.wav */ = {isa = PBXFileReference; lastKnownFileType = audio.wav; path = "piano-b.wav"; sourceTree = "<group>"; };
		58D7CEC01E86D8AB004915A9 /* piano-a.wav */ = {isa = PBXFileReference; lastKnownFileType = audio.wav; path = "piano-a.wav"; sourceTree = "<group>"; };
/* End PBXFileReference section */

/* Begin PBXFrameworksBuildPhase section */
		58D7CE9B1E86D4BD004915A9 /* Frameworks */ = {
			isa = PBXFrameworksBuildPhase;
			buildActionMask = 2147483647;
			files = (
			);
			runOnlyForDeploymentPostprocessing = 0;
		};
/* End PBXFrameworksBuildPhase section */

/* Begin PBXGroup section */
		58D7CE951E86D4BD004915A9 = {
			isa = PBXGroup;
			children = (
				58D7CEA01E86D4BD004915A9 /* MusiClass */,
				58D7CE9F1E86D4BD004915A9 /* Products */,
			);
			sourceTree = "<group>";
		};
		58D7CE9F1E86D4BD004915A9 /* Products */ = {
			isa = PBXGroup;
			children = (
				58D7CE9E1E86D4BD004915A9 /* MusiClass.app */,
			);
			name = Products;
			sourceTree = "<group>";
		};
		58D7CEA01E86D4BD004915A9 /* MusiClass */ = {
			isa = PBXGroup;
			children = (
				58D7CEA11E86D4BD004915A9 /* AppDelegate.swift */,
				58D7CEA31E86D4BD004915A9 /* ViewController.swift */,
				58D7CEA51E86D4BD004915A9 /* Main.storyboard */,
				58D7CEB41E86D8A4004915A9 /* Piano */,
				58D7CEA81E86D4BD004915A9 /* Assets.xcassets */,
				58D7CEAA1E86D4BD004915A9 /* LaunchScreen.storyboard */,
				58D7CEAD1E86D4BD004915A9 /* Info.plist */,
			);
			path = MusiClass;
			sourceTree = "<group>";
		};
		58D7CEB41E86D8A4004915A9 /* Piano */ = {
			isa = PBXGroup;
			children = (
				58D7CEB51E86D8AB004915A9 /* piano-g.wav */,
				58D7CEB61E86D8AB004915A9 /* piano-g1.wav */,
				58D7CEB71E86D8AB004915A9 /* piano-f.wav */,
				58D7CEB81E86D8AB004915A9 /* piano-f1.wav */,
				58D7CEB91E86D8AB004915A9 /* piano-eb.wav */,
				58D7CEBA1E86D8AB004915A9 /* piano-e.wav */,
				58D7CEBB1E86D8AB004915A9 /* piano-d.wav */,
				58D7CEBC1E86D8AB004915A9 /* piano-c.wav */,
				58D7CEBD1E86D8AB004915A9 /* piano-c1.wav */,
				58D7CEBE1E86D8AB004915A9 /* piano-bb.wav */,
				58D7CEBF1E86D8AB004915A9 /* piano-b.wav */,
				58D7CEC01E86D8AB004915A9 /* piano-a.wav */,
			);
			path = Piano;
			sourceTree = "<group>";
		};
/* End PBXGroup section */

/* Begin PBXNativeTarget section */
		58D7CE9D1E86D4BD004915A9 /* MusiClass */ = {
			isa = PBXNativeTarget;
			buildConfigurationList = 58D7CEB01E86D4BD004915A9 /* Build configuration list for PBXNativeTarget "MusiClass" */;
			buildPhases = (
				58D7CE9A1E86D4BD004915A9 /* Sources */,
				58D7CE9B1E86D4BD004915A9 /* Frameworks */,
				58D7CE9C1E86D4BD004915A9 /* Resources */,
			);
			buildRules = (
			);
			dependencies = (
			);
			name = MusiClass;
			productName = MusiClass;
			productReference = 58D7CE9E1E86D4BD004915A9 /* MusiClass.app */;
			productType = "com.apple.product-type.application";
		};
/* End PBXNativeTarget section */

/* Begin PBXProject section */
		58D7CE961E86D4BD004915A9 /* Project object */ = {
			isa = PBXProject;
			attributes = {
				LastSwiftUpdateCheck = 0820;
				LastUpgradeCheck = 0820;
				ORGANIZATIONNAME = mourodrigo;
				TargetAttributes = {
					58D7CE9D1E86D4BD004915A9 = {
						CreatedOnToolsVersion = 8.2.1;
						DevelopmentTeam = WL7H3NV943;
						ProvisioningStyle = Automatic;
					};
				};
			};
			buildConfigurationList = 58D7CE991E86D4BD004915A9 /* Build configuration list for PBXProject "MusiClass" */;
			compatibilityVersion = "Xcode 3.2";
			developmentRegion = English;
			hasScannedForEncodings = 0;
			knownRegions = (
				en,
				Base,
			);
			mainGroup = 58D7CE951E86D4BD004915A9;
			productRefGroup = 58D7CE9F1E86D4BD004915A9 /* Products */;
			projectDirPath = "";
			projectRoot = "";
			targets = (
				58D7CE9D1E86D4BD004915A9 /* MusiClass */,
			);
		};
/* End PBXProject section */

/* Begin PBXResourcesBuildPhase section */
		58D7CE9C1E86D4BD004915A9 /* Resources */ = {
			isa = PBXResourcesBuildPhase;
			buildActionMask = 2147483647;
			files = (
				58D7CEAC1E86D4BD004915A9 /* LaunchScreen.storyboard in Resources */,
				58D7CEA91E86D4BD004915A9 /* Assets.xcassets in Resources */,
				58D7CEC41E86D8AB004915A9 /* piano-f1.wav in Resources */,
				58D7CEC61E86D8AB004915A9 /* piano-e.wav in Resources */,
				58D7CEC51E86D8AB004915A9 /* piano-eb.wav in Resources */,
				58D7CEC11E86D8AB004915A9 /* piano-g.wav in Resources */,
				58D7CEC31E86D8AB004915A9 /* piano-f.wav in Resources */,
				58D7CECA1E86D8AB004915A9 /* piano-bb.wav in Resources */,
				58D7CEA71E86D4BD004915A9 /* Main.storyboard in Resources */,
				58D7CECB1E86D8AB004915A9 /* piano-b.wav in Resources */,
				58D7CEC21E86D8AB004915A9 /* piano-g1.wav in Resources */,
				58D7CEC91E86D8AB004915A9 /* piano-c1.wav in Resources */,
				58D7CECC1E86D8AB004915A9 /* piano-a.wav in Resources */,
				58D7CEC71E86D8AB004915A9 /* piano-d.wav in Resources */,
				58D7CEC81E86D8AB004915A9 /* piano-c.wav in Resources */,
			);
			runOnlyForDeploymentPostprocessing = 0;
		};
/* End PBXResourcesBuildPhase section */

/* Begin PBXSourcesBuildPhase section */
		58D7CE9A1E86D4BD004915A9 /* Sources */ = {
			isa = PBXSourcesBuildPhase;
			buildActionMask = 2147483647;
			files = (
				58D7CEA41E86D4BD004915A9 /* ViewController.swift in Sources */,
				58D7CEA21E86D4BD004915A9 /* AppDelegate.swift in Sources */,
			);
			runOnlyForDeploymentPostprocessing = 0;
		};
/* End PBXSourcesBuildPhase section */

/* Begin PBXVariantGroup section */
		58D7CEA51E86D4BD004915A9 /* Main.storyboard */ = {
			isa = PBXVariantGroup;
			children = (
				58D7CEA61E86D4BD004915A9 /* Base */,
			);
			name = Main.storyboard;
			sourceTree = "<group>";
		};
		58D7CEAA1E86D4BD004915A9 /* LaunchScreen.storyboard */ = {
			isa = PBXVariantGroup;
			children = (
				58D7CEAB1E86D4BD004915A9 /* Base */,
			);
			name = LaunchScreen.storyboard;
			sourceTree = "<group>";
		};
/* End PBXVariantGroup section */

/* Begin XCBuildConfiguration section */
		58D7CEAE1E86D4BD004915A9 /* Debug */ = {
			isa = XCBuildConfiguration;
			buildSettings = {
				ALWAYS_SEARCH_USER_PATHS = NO;
				CLANG_ANALYZER_NONNULL = YES;
				CLANG_CXX_LANGUAGE_STANDARD = "gnu++0x";
				CLANG_CXX_LIBRARY = "libc++";
				CLANG_ENABLE_MODULES = YES;
				CLANG_ENABLE_OBJC_ARC = YES;
				CLANG_WARN_BOOL_CONVERSION = YES;
				CLANG_WARN_CONSTANT_CONVERSION = YES;
				CLANG_WARN_DIRECT_OBJC_ISA_USAGE = YES_ERROR;
				CLANG_WARN_DOCUMENTATION_COMMENTS = YES;
				CLANG_WARN_EMPTY_BODY = YES;
				CLANG_WARN_ENUM_CONVERSION = YES;
				CLANG_WARN_INFINITE_RECURSION = YES;
				CLANG_WARN_INT_CONVERSION = YES;
				CLANG_WARN_OBJC_ROOT_CLASS = YES_ERROR;
				CLANG_WARN_SUSPICIOUS_MOVE = YES;
				CLANG_WARN_UNREACHABLE_CODE = YES;
				CLANG_WARN__DUPLICATE_METHOD_MATCH = YES;
				"CODE_SIGN_IDENTITY[sdk=iphoneos*]" = "iPhone Developer";
				COPY_PHASE_STRIP = NO;
				DEBUG_INFORMATION_FORMAT = dwarf;
				ENABLE_STRICT_OBJC_MSGSEND = YES;
				ENABLE_TESTABILITY = YES;
				GCC_C_LANGUAGE_STANDARD = gnu99;
				GCC_DYNAMIC_NO_PIC = NO;
				GCC_NO_COMMON_BLOCKS = YES;
				GCC_OPTIMIZATION_LEVEL = 0;
				GCC_PREPROCESSOR_DEFINITIONS = (
					"DEBUG=1",
					"$(inherited)",
				);
				GCC_WARN_64_TO_32_BIT_CONVERSION = YES;
				GCC_WARN_ABOUT_RETURN_TYPE = YES_ERROR;
				GCC_WARN_UNDECLARED_SELECTOR = YES;
				GCC_WARN_UNINITIALIZED_AUTOS = YES_AGGRESSIVE;
				GCC_WARN_UNUSED_FUNCTION = YES;
				GCC_WARN_UNUSED_VARIABLE = YES;
				IPHONEOS_DEPLOYMENT_TARGET = 10.2;
				MTL_ENABLE_DEBUG_INFO = YES;
				ONLY_ACTIVE_ARCH = YES;
				SDKROOT = iphoneos;
				SWIFT_ACTIVE_COMPILATION_CONDITIONS = DEBUG;
				SWIFT_OPTIMIZATION_LEVEL = "-Onone";
				TARGETED_DEVICE_FAMILY = "1,2";
			};
			name = Debug;
		};
		58D7CEAF1E86D4BD004915A9 /* Release */ = {
			isa = XCBuildConfiguration;
			buildSettings = {
				ALWAYS_SEARCH_USER_PATHS = NO;
				CLANG_ANALYZER_NONNULL = YES;
				CLANG_CXX_LANGUAGE_STANDARD = "gnu++0x";
				CLANG_CXX_LIBRARY = "libc++";
				CLANG_ENABLE_MODULES = YES;
				CLANG_ENABLE_OBJC_ARC = YES;
				CLANG_WARN_BOOL_CONVERSION = YES;
				CLANG_WARN_CONSTANT_CONVERSION = YES;
				CLANG_WARN_DIRECT_OBJC_ISA_USAGE = YES_ERROR;
				CLANG_WARN_DOCUMENTATION_COMMENTS = YES;
				CLANG_WARN_EMPTY_BODY = YES;
				CLANG_WARN_ENUM_CONVERSION = YES;
				CLANG_WARN_INFINITE_RECURSION = YES;
				CLANG_WARN_INT_CONVERSION = YES;
				CLANG_WARN_OBJC_ROOT_CLASS = YES_ERROR;
				CLANG_WARN_SUSPICIOUS_MOVE = YES;
				CLANG_WARN_UNREACHABLE_CODE = YES;
				CLANG_WARN__DUPLICATE_METHOD_MATCH = YES;
				"CODE_SIGN_IDENTITY[sdk=iphoneos*]" = "iPhone Developer";
				COPY_PHASE_STRIP = NO;
				DEBUG_INFORMATION_FORMAT = "dwarf-with-dsym";
				ENABLE_NS_ASSERTIONS = NO;
				ENABLE_STRICT_OBJC_MSGSEND = YES;
				GCC_C_LANGUAGE_STANDARD = gnu99;
				GCC_NO_COMMON_BLOCKS = YES;
				GCC_WARN_64_TO_32_BIT_CONVERSION = YES;
				GCC_WARN_ABOUT_RETURN_TYPE = YES_ERROR;
				GCC_WARN_UNDECLARED_SELECTOR = YES;
				GCC_WARN_UNINITIALIZED_AUTOS = YES_AGGRESSIVE;
				GCC_WARN_UNUSED_FUNCTION = YES;
				GCC_WARN_UNUSED_VARIABLE = YES;
				IPHONEOS_DEPLOYMENT_TARGET = 10.2;
				MTL_ENABLE_DEBUG_INFO = NO;
				SDKROOT = iphoneos;
				SWIFT_OPTIMIZATION_LEVEL = "-Owholemodule";
				TARGETED_DEVICE_FAMILY = "1,2";
				VALIDATE_PRODUCT = YES;
			};
			name = Release;
		};
		58D7CEB11E86D4BD004915A9 /* Debug */ = {
			isa = XCBuildConfiguration;
			buildSettings = {
				ASSETCATALOG_COMPILER_APPICON_NAME = AppIcon;
				DEVELOPMENT_TEAM = WL7H3NV943;
				INFOPLIST_FILE = MusiClass/Info.plist;
				IPHONEOS_DEPLOYMENT_TARGET = 9.0;
				LD_RUNPATH_SEARCH_PATHS = "$(inherited) @executable_path/Frameworks";
				PRODUCT_BUNDLE_IDENTIFIER = mourodrigo.MusiClass;
				PRODUCT_NAME = "$(TARGET_NAME)";
				SWIFT_VERSION = 3.0;
			};
			name = Debug;
		};
		58D7CEB21E86D4BD004915A9 /* Release */ = {
			isa = XCBuildConfiguration;
			buildSettings = {
				ASSETCATALOG_COMPILER_APPICON_NAME = AppIcon;
				DEVELOPMENT_TEAM = WL7H3NV943;
				INFOPLIST_FILE = MusiClass/Info.plist;
				IPHONEOS_DEPLOYMENT_TARGET = 9.0;
				LD_RUNPATH_SEARCH_PATHS = "$(inherited) @executable_path/Frameworks";
				PRODUCT_BUNDLE_IDENTIFIER = mourodrigo.MusiClass;
				PRODUCT_NAME = "$(TARGET_NAME)";
				SWIFT_VERSION = 3.0;
			};
			name = Release;
		};
/* End XCBuildConfiguration section */

/* Begin XCConfigurationList section */
		58D7CE991E86D4BD004915A9 /* Build configuration list for PBXProject "MusiClass" */ = {
			isa = XCConfigurationList;
			buildConfigurations = (
				58D7CEAE1E86D4BD004915A9 /* Debug */,
				58D7CEAF1E86D4BD004915A9 /* Release */,
			);
			defaultConfigurationIsVisible = 0;
			defaultConfigurationName = Release;
		};
		58D7CEB01E86D4BD004915A9 /* Build configuration list for PBXNativeTarget "MusiClass" */ = {
			isa = XCConfigurationList;
			buildConfigurations = (
				58D7CEB11E86D4BD004915A9 /* Debug */,
				58D7CEB21E86D4BD004915A9 /* Release */,
			);
			defaultConfigurationIsVisible = 0;
		};
/* End XCConfigurationList section */
	};
	rootObject = 58D7CE961E86D4BD004915A9 /* Project object */;
}
